
Microsoft Visual Studio Solution File, Format Version 12.00
# Visual Studio Version 16
VisualStudioVersion = 16.0.30413.136
MinimumVisualStudioVersion = 10.0.40219.1
Project("{FAE04EC0-301F-11D3-BF4B-00C04F79EFBC}") = "AutoGarage", "AutoGarage.csproj", "{A025FD5C-93A6-42A5-882C-5E1B5D281810}"
EndProject
Global
	GlobalSection(SolutionConfigurationPlatforms) = preSolution
		Debug|Any CPU = Debug|Any CPU
		Debug|x64 = Debug|x64
		Release|Any CPU = Release|Any CPU
		Release|x64 = Release|x64
	EndGlobalSection
	GlobalSection(ProjectConfigurationPlatforms) = postSolution
		{A025FD5C-93A6-42A5-882C-5E1B5D281810}.Debug|Any CPU.ActiveCfg = Debug|Any CPU
		{A025FD5C-93A6-42A5-882C-5E1B5D281810}.Debug|Any CPU.Build.0 = Debug|Any CPU
		{A025FD5C-93A6-42A5-882C-5E1B5D281810}.Debug|x64.ActiveCfg = Debug|x64
		{A025FD5C-93A6-42A5-882C-5E1B5D281810}.Debug|x64.Build.0 = Debug|x64
		{A025FD5C-93A6-42A5-882C-5E1B5D281810}.Release|Any CPU.ActiveCfg = Release|Any CPU
		{A025FD5C-93A6-42A5-882C-5E1B5D281810}.Release|Any CPU.Build.0 = Release|Any CPU
		{A025FD5C-93A6-42A5-882C-5E1B5D281810}.Release|x64.ActiveCfg = Release|x64
		{A025FD5C-93A6-42A5-882C-5E1B5D281810}.Release|x64.Build.0 = Release|x64
	EndGlobalSection
	GlobalSection(SolutionProperties) = preSolution
		HideSolutionNode = FALSE
	EndGlobalSection
	GlobalSection(ExtensibilityGlobals) = postSolution
		SolutionGuid = {F51AFBEE-0933-453F-AC92-A7355A6E62F9}
	EndGlobalSection
EndGlobal
